
Microsoft Visual Studio Solution File, Format Version 12.00
# Visual Studio 15
VisualStudioVersion = 15.0.27130.2027
MinimumVisualStudioVersion = 10.0.40219.1
Project("{FAE04EC0-301F-11D3-BF4B-00C04F79EFBC}") = "MainUI", "MainUI\MainUI.csproj", "{8970F8D2-18E1-4080-BE9E-03880BD0C491}"
EndProject
Project("{FAE04EC0-301F-11D3-BF4B-00C04F79EFBC}") = "MainUI.Dashboard", "MainUI.Dashboard\MainUI.Dashboard.csproj", "{B5C311C1-3C9A-4E23-A33E-E18C63C3D6DB}"
EndProject
Global
	GlobalSection(SolutionConfigurationPlatforms) = preSolution
		Debug|Any CPU = Debug|Any CPU
		Release|Any CPU = Release|Any CPU
	EndGlobalSection
	GlobalSection(ProjectConfigurationPlatforms) = postSolution
		{8970F8D2-18E1-4080-BE9E-03880BD0C491}.Debug|Any CPU.ActiveCfg = Debug|Any CPU
		{8970F8D2-18E1-4080-BE9E-03880BD0C491}.Debug|Any CPU.Build.0 = Debug|Any CPU
		{8970F8D2-18E1-4080-BE9E-03880BD0C491}.Release|Any CPU.ActiveCfg = Release|Any CPU
		{8970F8D2-18E1-4080-BE9E-03880BD0C491}.Release|Any CPU.Build.0 = Release|Any CPU
		{B5C311C1-3C9A-4E23-A33E-E18C63C3D6DB}.Debug|Any CPU.ActiveCfg = Debug|Any CPU
		{B5C311C1-3C9A-4E23-A33E-E18C63C3D6DB}.Debug|Any CPU.Build.0 = Debug|Any CPU
		{B5C311C1-3C9A-4E23-A33E-E18C63C3D6DB}.Release|Any CPU.ActiveCfg = Release|Any CPU
		{B5C311C1-3C9A-4E23-A33E-E18C63C3D6DB}.Release|Any CPU.Build.0 = Release|Any CPU
	EndGlobalSection
	GlobalSection(SolutionProperties) = preSolution
		HideSolutionNode = FALSE
	EndGlobalSection
	GlobalSection(ExtensibilityGlobals) = postSolution
		SolutionGuid = {902F3F29-B09C-422B-93BB-B3C9D5924116}
	EndGlobalSection
EndGlobal
