
Microsoft Visual Studio Solution File, Format Version 12.00
# Visual Studio 15
VisualStudioVersion = 15.0.27130.2027
MinimumVisualStudioVersion = 10.0.40219.1
Project("{9A19103F-16F7-4668-BE54-9A1E7A4F7556}") = "MainUI", "MainUI\MainUI.csproj", "{8970F8D2-18E1-4080-BE9E-03880BD0C491}"
EndProject
Project("{FAE04EC0-301F-11D3-BF4B-00C04F79EFBC}") = "MainUI.Service1", "MainUI.Service1\MainUI.Service1.csproj", "{4FC3E797-D88F-431E-B165-00E354897546}"
EndProject
Project("{E53339B2-1760-4266-BCC7-CA923CBCF16C}") = "docker-compose", "docker-compose.dcproj", "{A5254570-D08B-425C-A8A0-77D445BB62EB}"
EndProject
Global
	GlobalSection(SolutionConfigurationPlatforms) = preSolution
		Debug|Any CPU = Debug|Any CPU
		Release|Any CPU = Release|Any CPU
	EndGlobalSection
	GlobalSection(ProjectConfigurationPlatforms) = postSolution
		{8970F8D2-18E1-4080-BE9E-03880BD0C491}.Debug|Any CPU.ActiveCfg = Debug|Any CPU
		{8970F8D2-18E1-4080-BE9E-03880BD0C491}.Debug|Any CPU.Build.0 = Debug|Any CPU
		{8970F8D2-18E1-4080-BE9E-03880BD0C491}.Release|Any CPU.ActiveCfg = Release|Any CPU
		{8970F8D2-18E1-4080-BE9E-03880BD0C491}.Release|Any CPU.Build.0 = Release|Any CPU
		{4FC3E797-D88F-431E-B165-00E354897546}.Debug|Any CPU.ActiveCfg = Debug|Any CPU
		{4FC3E797-D88F-431E-B165-00E354897546}.Debug|Any CPU.Build.0 = Debug|Any CPU
		{4FC3E797-D88F-431E-B165-00E354897546}.Release|Any CPU.ActiveCfg = Release|Any CPU
		{4FC3E797-D88F-431E-B165-00E354897546}.Release|Any CPU.Build.0 = Release|Any CPU
		{A5254570-D08B-425C-A8A0-77D445BB62EB}.Debug|Any CPU.ActiveCfg = Debug|Any CPU
		{A5254570-D08B-425C-A8A0-77D445BB62EB}.Debug|Any CPU.Build.0 = Debug|Any CPU
		{A5254570-D08B-425C-A8A0-77D445BB62EB}.Release|Any CPU.ActiveCfg = Release|Any CPU
		{A5254570-D08B-425C-A8A0-77D445BB62EB}.Release|Any CPU.Build.0 = Release|Any CPU
	EndGlobalSection
	GlobalSection(SolutionProperties) = preSolution
		HideSolutionNode = FALSE
	EndGlobalSection
	GlobalSection(ExtensibilityGlobals) = postSolution
		SolutionGuid = {902F3F29-B09C-422B-93BB-B3C9D5924116}
	EndGlobalSection
EndGlobal
